
Microsoft Visual Studio Solution File, Format Version 12.00
# Visual Studio 2013
VisualStudioVersion = 12.0.30501.0
MinimumVisualStudioVersion = 10.0.40219.1
Project("{FAE04EC0-301F-11D3-BF4B-00C04F79EFBC}") = "ControlSearchEngine", "ControlSearchEngine\ControlSearchEngine.csproj", "{6607AA0B-289E-4B5D-93A5-77EBDDC7439F}"
EndProject
Project("{FAE04EC0-301F-11D3-BF4B-00C04F79EFBC}") = "TestControlSearch", "TestControlSearch\TestControlSearch.csproj", "{BCDD1DEF-200F-4BAB-9E3B-4ED47802941E}"
EndProject
Global
	GlobalSection(SolutionConfigurationPlatforms) = preSolution
		Debug|Any CPU = Debug|Any CPU
		Release|Any CPU = Release|Any CPU
	EndGlobalSection
	GlobalSection(ProjectConfigurationPlatforms) = postSolution
		{6607AA0B-289E-4B5D-93A5-77EBDDC7439F}.Debug|Any CPU.ActiveCfg = Debug|Any CPU
		{6607AA0B-289E-4B5D-93A5-77EBDDC7439F}.Debug|Any CPU.Build.0 = Debug|Any CPU
		{6607AA0B-289E-4B5D-93A5-77EBDDC7439F}.Release|Any CPU.ActiveCfg = Release|Any CPU
		{6607AA0B-289E-4B5D-93A5-77EBDDC7439F}.Release|Any CPU.Build.0 = Release|Any CPU
		{BCDD1DEF-200F-4BAB-9E3B-4ED47802941E}.Debug|Any CPU.ActiveCfg = Debug|Any CPU
		{BCDD1DEF-200F-4BAB-9E3B-4ED47802941E}.Debug|Any CPU.Build.0 = Debug|Any CPU
		{BCDD1DEF-200F-4BAB-9E3B-4ED47802941E}.Release|Any CPU.ActiveCfg = Release|Any CPU
		{BCDD1DEF-200F-4BAB-9E3B-4ED47802941E}.Release|Any CPU.Build.0 = Release|Any CPU
	EndGlobalSection
	GlobalSection(SolutionProperties) = preSolution
		HideSolutionNode = FALSE
	EndGlobalSection
EndGlobal
